PODS:
  - FBSnapshotTestCase (2.1.4):
    - FBSnapshotTestCase/SwiftSupport (= 2.1.4)
  - FBSnapshotTestCase/Core (2.1.4)
  - FBSnapshotTestCase/SwiftSupport (2.1.4):
    - FBSnapshotTestCase/Core
  - UncleThird (0.1.0)

DEPENDENCIES:
  - FBSnapshotTestCase
  - UncleThird (from `../`)

SPEC REPOS:
  trunk:
    - FBSnapshotTestCase

EXTERNAL SOURCES:
  UncleThird:
    :path: "../"

SPEC CHECKSUMS:
  FBSnapshotTestCase: 094f9f314decbabe373b87cc339bea235a63e07a
  UncleThird: c3d0617eb63ddcd424029f0afaef422d8d7a94e4

PODFILE CHECKSUM: bec6ef590b7edd9ca5d9f1b68e332e0545182d19

COCOAPODS: 1.9.1
